Microsoft Visual Studio Solution File, Format Version 12.00
# Visual Studio 15
VisualStudioVersion = 15.0.26430.6
MinimumVisualStudioVersion = 10.0.40219.1
Project("{FAE04EC0-301F-11D3-BF4B-00C04F79EFBC}") = "Markdown.Data", "Markdown.Data\Markdown.Data.csproj", "{23A49179-A213-4DA2-BA9C-2B46AE12F3F1}"
EndProject
Project("{FAE04EC0-301F-11D3-BF4B-00C04F79EFBC}") = "RetailAnalytics.Data", "RetailAnalytics\RetailAnalytics.Data\RetailAnalytics.Data.csproj", "{D23B0539-0EDD-42B1-A423-D7079961F344}"
EndProject
Project("{FAE04EC0-301F-11D3-BF4B-00C04F79EFBC}") = "RetailAnalytics.Common", "RetailAnalytics\RetailAnalytics.Common\RetailAnalytics.Common.csproj", "{58D4AAA6-151B-45DA-9709-00E34A5E58B6}"
EndProject
Project("{2150E333-8FDC-42A3-9474-1A3956D46DE8}") = "RetailAnalytics", "RetailAnalytics", "{E0A538F2-228F-4D81-AD32-53CDBD02D272}"
EndProject
Project("{2150E333-8FDC-42A3-9474-1A3956D46DE8}") = "Markdown", "Markdown", "{A35F29A2-8F0F-47D2-9939-BB777E443D89}"
EndProject
Project("{FAE04EC0-301F-11D3-BF4B-00C04F79EFBC}") = "Markdown.Common", "Markdown.Common\Markdown.Common.csproj", "{0821F0D9-F506-495D-8257-1BF1FC855096}"
EndProject
Project("{FAE04EC0-301F-11D3-BF4B-00C04F79EFBC}") = "Markdown.Service", "Markdown.Service\Markdown.Service.csproj", "{5D575299-C9F9-4828-9D05-1404082A3AA5}"
EndProject
Project("{FAE04EC0-301F-11D3-BF4B-00C04F79EFBC}") = "Markdown.Function", "Markdown.Function\Markdown.Function.csproj", "{9BB91BCD-5046-44E0-8581-18485E75C2F9}"
EndProject
Project("{FAE04EC0-301F-11D3-BF4B-00C04F79EFBC}") = "Markdown.WebApi", "Markdown.WebApi\Markdown.WebApi.csproj", "{1718D62F-A3E8-4B00-8E36-532DC0E36BE4}"
EndProject
Project("{FAE04EC0-301F-11D3-BF4B-00C04F79EFBC}") = "Markdown.WebApi.Tests", "Markdown.WebApi.Tests\Markdown.WebApi.Tests.csproj", "{11AA67BE-12E2-43D5-B76F-4EC589E2FC85}"
EndProject
Project("{FAE04EC0-301F-11D3-BF4B-00C04F79EFBC}") = "Markdown.Data.Tests", "Markdown.Data.Tests\Markdown.Data.Tests.csproj", "{F368BA68-64C9-469A-AF0D-013E1D091BF0}"
EndProject
Project("{FAE04EC0-301F-11D3-BF4B-00C04F79EFBC}") = "Markdown.Service.Tests", "Markdown.Service.Tests\Markdown.Service.Tests.csproj", "{EA63E3B2-312E-44E6-8056-B35EABC5A296}"
EndProject
Project("{2150E333-8FDC-42A3-9474-1A3956D46DE8}") = "Tests", "Tests", "{E3AA960B-38AE-46F6-BE4B-822002B0DA0C}"
EndProject
Global
	GlobalSection(SolutionConfigurationPlatforms) = preSolution
		Debug|Any CPU = Debug|Any CPU
		Debug|x64 = Debug|x64
		Debug|x86 = Debug|x86
		Local|Any CPU = Local|Any CPU
		Local|x64 = Local|x64
		Local|x86 = Local|x86
		Release|Any CPU = Release|Any CPU
		Release|x64 = Release|x64
		Release|x86 = Release|x86
	EndGlobalSection
	GlobalSection(ProjectConfigurationPlatforms) = postSolution
		{23A49179-A213-4DA2-BA9C-2B46AE12F3F1}.Debug|Any CPU.ActiveCfg = Debug|Any CPU
		{23A49179-A213-4DA2-BA9C-2B46AE12F3F1}.Debug|Any CPU.Build.0 = Debug|Any CPU
		{23A49179-A213-4DA2-BA9C-2B46AE12F3F1}.Debug|x64.ActiveCfg = Debug|Any CPU
		{23A49179-A213-4DA2-BA9C-2B46AE12F3F1}.Debug|x86.ActiveCfg = Debug|Any CPU
		{23A49179-A213-4DA2-BA9C-2B46AE12F3F1}.Local|Any CPU.ActiveCfg = Local|Any CPU
		{23A49179-A213-4DA2-BA9C-2B46AE12F3F1}.Local|Any CPU.Build.0 = Local|Any CPU
		{23A49179-A213-4DA2-BA9C-2B46AE12F3F1}.Local|x64.ActiveCfg = Local|Any CPU
		{23A49179-A213-4DA2-BA9C-2B46AE12F3F1}.Local|x64.Build.0 = Local|Any CPU
		{23A49179-A213-4DA2-BA9C-2B46AE12F3F1}.Local|x86.ActiveCfg = Local|Any CPU
		{23A49179-A213-4DA2-BA9C-2B46AE12F3F1}.Local|x86.Build.0 = Local|Any CPU
		{23A49179-A213-4DA2-BA9C-2B46AE12F3F1}.Release|Any CPU.ActiveCfg = Release|Any CPU
		{23A49179-A213-4DA2-BA9C-2B46AE12F3F1}.Release|Any CPU.Build.0 = Release|Any CPU
		{23A49179-A213-4DA2-BA9C-2B46AE12F3F1}.Release|x64.ActiveCfg = Release|Any CPU
		{23A49179-A213-4DA2-BA9C-2B46AE12F3F1}.Release|x86.ActiveCfg = Release|Any CPU
		{D23B0539-0EDD-42B1-A423-D7079961F344}.Debug|Any CPU.ActiveCfg = Debug|Any CPU
		{D23B0539-0EDD-42B1-A423-D7079961F344}.Debug|Any CPU.Build.0 = Debug|Any CPU
		{D23B0539-0EDD-42B1-A423-D7079961F344}.Debug|x64.ActiveCfg = Debug|Any CPU
		{D23B0539-0EDD-42B1-A423-D7079961F344}.Debug|x86.ActiveCfg = Debug|Any CPU
		{D23B0539-0EDD-42B1-A423-D7079961F344}.Local|Any CPU.ActiveCfg = Local|Any CPU
		{D23B0539-0EDD-42B1-A423-D7079961F344}.Local|Any CPU.Build.0 = Local|Any CPU
		{D23B0539-0EDD-42B1-A423-D7079961F344}.Local|x64.ActiveCfg = Local|Any CPU
		{D23B0539-0EDD-42B1-A423-D7079961F344}.Local|x64.Build.0 = Local|Any CPU
		{D23B0539-0EDD-42B1-A423-D7079961F344}.Local|x86.ActiveCfg = Local|Any CPU
		{D23B0539-0EDD-42B1-A423-D7079961F344}.Local|x86.Build.0 = Local|Any CPU
		{D23B0539-0EDD-42B1-A423-D7079961F344}.Release|Any CPU.ActiveCfg = Release|Any CPU
		{D23B0539-0EDD-42B1-A423-D7079961F344}.Release|Any CPU.Build.0 = Release|Any CPU
		{D23B0539-0EDD-42B1-A423-D7079961F344}.Release|x64.ActiveCfg = Release|Any CPU
		{D23B0539-0EDD-42B1-A423-D7079961F344}.Release|x86.ActiveCfg = Release|Any CPU
		{58D4AAA6-151B-45DA-9709-00E34A5E58B6}.Debug|Any CPU.ActiveCfg = Debug|Any CPU
		{58D4AAA6-151B-45DA-9709-00E34A5E58B6}.Debug|Any CPU.Build.0 = Debug|Any CPU
		{58D4AAA6-151B-45DA-9709-00E34A5E58B6}.Debug|x64.ActiveCfg = Debug|Any CPU
		{58D4AAA6-151B-45DA-9709-00E34A5E58B6}.Debug|x86.ActiveCfg = Debug|Any CPU
		{58D4AAA6-151B-45DA-9709-00E34A5E58B6}.Local|Any CPU.ActiveCfg = Local|Any CPU
		{58D4AAA6-151B-45DA-9709-00E34A5E58B6}.Local|Any CPU.Build.0 = Local|Any CPU
		{58D4AAA6-151B-45DA-9709-00E34A5E58B6}.Local|x64.ActiveCfg = Local|Any CPU
		{58D4AAA6-151B-45DA-9709-00E34A5E58B6}.Local|x64.Build.0 = Local|Any CPU
		{58D4AAA6-151B-45DA-9709-00E34A5E58B6}.Local|x86.ActiveCfg = Local|Any CPU
		{58D4AAA6-151B-45DA-9709-00E34A5E58B6}.Local|x86.Build.0 = Local|Any CPU
		{58D4AAA6-151B-45DA-9709-00E34A5E58B6}.Release|Any CPU.ActiveCfg = Release|Any CPU
		{58D4AAA6-151B-45DA-9709-00E34A5E58B6}.Release|Any CPU.Build.0 = Release|Any CPU
		{58D4AAA6-151B-45DA-9709-00E34A5E58B6}.Release|x64.ActiveCfg = Release|Any CPU
		{58D4AAA6-151B-45DA-9709-00E34A5E58B6}.Release|x86.ActiveCfg = Release|Any CPU
		{0821F0D9-F506-495D-8257-1BF1FC855096}.Debug|Any CPU.ActiveCfg = Debug|Any CPU
		{0821F0D9-F506-495D-8257-1BF1FC855096}.Debug|Any CPU.Build.0 = Debug|Any CPU
		{0821F0D9-F506-495D-8257-1BF1FC855096}.Debug|x64.ActiveCfg = Debug|Any CPU
		{0821F0D9-F506-495D-8257-1BF1FC855096}.Debug|x86.ActiveCfg = Debug|Any CPU
		{0821F0D9-F506-495D-8257-1BF1FC855096}.Local|Any CPU.ActiveCfg = Local|Any CPU
		{0821F0D9-F506-495D-8257-1BF1FC855096}.Local|Any CPU.Build.0 = Local|Any CPU
		{0821F0D9-F506-495D-8257-1BF1FC855096}.Local|x64.ActiveCfg = Local|Any CPU
		{0821F0D9-F506-495D-8257-1BF1FC855096}.Local|x64.Build.0 = Local|Any CPU
		{0821F0D9-F506-495D-8257-1BF1FC855096}.Local|x86.ActiveCfg = Local|Any CPU
		{0821F0D9-F506-495D-8257-1BF1FC855096}.Local|x86.Build.0 = Local|Any CPU
		{0821F0D9-F506-495D-8257-1BF1FC855096}.Release|Any CPU.ActiveCfg = Release|Any CPU
		{0821F0D9-F506-495D-8257-1BF1FC855096}.Release|Any CPU.Build.0 = Release|Any CPU
		{0821F0D9-F506-495D-8257-1BF1FC855096}.Release|x64.ActiveCfg = Release|Any CPU
		{0821F0D9-F506-495D-8257-1BF1FC855096}.Release|x86.ActiveCfg = Release|Any CPU
		{5D575299-C9F9-4828-9D05-1404082A3AA5}.Debug|Any CPU.ActiveCfg = Debug|Any CPU
		{5D575299-C9F9-4828-9D05-1404082A3AA5}.Debug|Any CPU.Build.0 = Debug|Any CPU
		{5D575299-C9F9-4828-9D05-1404082A3AA5}.Debug|x64.ActiveCfg = Debug|Any CPU
		{5D575299-C9F9-4828-9D05-1404082A3AA5}.Debug|x86.ActiveCfg = Debug|Any CPU
		{5D575299-C9F9-4828-9D05-1404082A3AA5}.Local|Any CPU.ActiveCfg = Local|Any CPU
		{5D575299-C9F9-4828-9D05-1404082A3AA5}.Local|Any CPU.Build.0 = Local|Any CPU
		{5D575299-C9F9-4828-9D05-1404082A3AA5}.Local|x64.ActiveCfg = Local|Any CPU
		{5D575299-C9F9-4828-9D05-1404082A3AA5}.Local|x64.Build.0 = Local|Any CPU
		{5D575299-C9F9-4828-9D05-1404082A3AA5}.Local|x86.ActiveCfg = Local|Any CPU
		{5D575299-C9F9-4828-9D05-1404082A3AA5}.Local|x86.Build.0 = Local|Any CPU
		{5D575299-C9F9-4828-9D05-1404082A3AA5}.Release|Any CPU.ActiveCfg = Release|Any CPU
		{5D575299-C9F9-4828-9D05-1404082A3AA5}.Release|Any CPU.Build.0 = Release|Any CPU
		{5D575299-C9F9-4828-9D05-1404082A3AA5}.Release|x64.ActiveCfg = Release|Any CPU
		{5D575299-C9F9-4828-9D05-1404082A3AA5}.Release|x86.ActiveCfg = Release|Any CPU
		{9BB91BCD-5046-44E0-8581-18485E75C2F9}.Debug|Any CPU.ActiveCfg = Debug|Any CPU
		{9BB91BCD-5046-44E0-8581-18485E75C2F9}.Debug|Any CPU.Build.0 = Debug|Any CPU
		{9BB91BCD-5046-44E0-8581-18485E75C2F9}.Debug|x64.ActiveCfg = Debug|Any CPU
		{9BB91BCD-5046-44E0-8581-18485E75C2F9}.Debug|x64.Build.0 = Debug|Any CPU
		{9BB91BCD-5046-44E0-8581-18485E75C2F9}.Debug|x86.ActiveCfg = Debug|Any CPU
		{9BB91BCD-5046-44E0-8581-18485E75C2F9}.Debug|x86.Build.0 = Debug|Any CPU
		{9BB91BCD-5046-44E0-8581-18485E75C2F9}.Local|Any CPU.ActiveCfg = Local|Any CPU
		{9BB91BCD-5046-44E0-8581-18485E75C2F9}.Local|Any CPU.Build.0 = Local|Any CPU
		{9BB91BCD-5046-44E0-8581-18485E75C2F9}.Local|x64.ActiveCfg = Local|Any CPU
		{9BB91BCD-5046-44E0-8581-18485E75C2F9}.Local|x64.Build.0 = Local|Any CPU
		{9BB91BCD-5046-44E0-8581-18485E75C2F9}.Local|x86.ActiveCfg = Local|Any CPU
		{9BB91BCD-5046-44E0-8581-18485E75C2F9}.Local|x86.Build.0 = Local|Any CPU
		{9BB91BCD-5046-44E0-8581-18485E75C2F9}.Release|Any CPU.ActiveCfg = Release|Any CPU
		{9BB91BCD-5046-44E0-8581-18485E75C2F9}.Release|Any CPU.Build.0 = Release|Any CPU
		{9BB91BCD-5046-44E0-8581-18485E75C2F9}.Release|x64.ActiveCfg = Release|Any CPU
		{9BB91BCD-5046-44E0-8581-18485E75C2F9}.Release|x64.Build.0 = Release|Any CPU
		{9BB91BCD-5046-44E0-8581-18485E75C2F9}.Release|x86.ActiveCfg = Release|Any CPU
		{9BB91BCD-5046-44E0-8581-18485E75C2F9}.Release|x86.Build.0 = Release|Any CPU
		{1718D62F-A3E8-4B00-8E36-532DC0E36BE4}.Debug|Any CPU.ActiveCfg = Debug|Any CPU
		{1718D62F-A3E8-4B00-8E36-532DC0E36BE4}.Debug|Any CPU.Build.0 = Debug|Any CPU
		{1718D62F-A3E8-4B00-8E36-532DC0E36BE4}.Debug|x64.ActiveCfg = Debug|Any CPU
		{1718D62F-A3E8-4B00-8E36-532DC0E36BE4}.Debug|x64.Build.0 = Debug|Any CPU
		{1718D62F-A3E8-4B00-8E36-532DC0E36BE4}.Debug|x86.ActiveCfg = Debug|Any CPU
		{1718D62F-A3E8-4B00-8E36-532DC0E36BE4}.Debug|x86.Build.0 = Debug|Any CPU
		{1718D62F-A3E8-4B00-8E36-532DC0E36BE4}.Local|Any CPU.ActiveCfg = Local|Any CPU
		{1718D62F-A3E8-4B00-8E36-532DC0E36BE4}.Local|Any CPU.Build.0 = Local|Any CPU
		{1718D62F-A3E8-4B00-8E36-532DC0E36BE4}.Local|x64.ActiveCfg = Debug|Any CPU
		{1718D62F-A3E8-4B00-8E36-532DC0E36BE4}.Local|x64.Build.0 = Debug|Any CPU
		{1718D62F-A3E8-4B00-8E36-532DC0E36BE4}.Local|x86.ActiveCfg = Debug|Any CPU
		{1718D62F-A3E8-4B00-8E36-532DC0E36BE4}.Local|x86.Build.0 = Debug|Any CPU
		{1718D62F-A3E8-4B00-8E36-532DC0E36BE4}.Release|Any CPU.ActiveCfg = Release|Any CPU
		{1718D62F-A3E8-4B00-8E36-532DC0E36BE4}.Release|Any CPU.Build.0 = Release|Any CPU
		{1718D62F-A3E8-4B00-8E36-532DC0E36BE4}.Release|x64.ActiveCfg = Release|Any CPU
		{1718D62F-A3E8-4B00-8E36-532DC0E36BE4}.Release|x64.Build.0 = Release|Any CPU
		{1718D62F-A3E8-4B00-8E36-532DC0E36BE4}.Release|x86.ActiveCfg = Release|Any CPU
		{1718D62F-A3E8-4B00-8E36-532DC0E36BE4}.Release|x86.Build.0 = Release|Any CPU
		{11AA67BE-12E2-43D5-B76F-4EC589E2FC85}.Debug|Any CPU.ActiveCfg = Debug|Any CPU
		{11AA67BE-12E2-43D5-B76F-4EC589E2FC85}.Debug|Any CPU.Build.0 = Debug|Any CPU
		{11AA67BE-12E2-43D5-B76F-4EC589E2FC85}.Debug|x64.ActiveCfg = Debug|Any CPU
		{11AA67BE-12E2-43D5-B76F-4EC589E2FC85}.Debug|x64.Build.0 = Debug|Any CPU
		{11AA67BE-12E2-43D5-B76F-4EC589E2FC85}.Debug|x86.ActiveCfg = Debug|Any CPU
		{11AA67BE-12E2-43D5-B76F-4EC589E2FC85}.Debug|x86.Build.0 = Debug|Any CPU
		{11AA67BE-12E2-43D5-B76F-4EC589E2FC85}.Local|Any CPU.ActiveCfg = Release|Any CPU
		{11AA67BE-12E2-43D5-B76F-4EC589E2FC85}.Local|Any CPU.Build.0 = Release|Any CPU
		{11AA67BE-12E2-43D5-B76F-4EC589E2FC85}.Local|x64.ActiveCfg = Debug|Any CPU
		{11AA67BE-12E2-43D5-B76F-4EC589E2FC85}.Local|x64.Build.0 = Debug|Any CPU
		{11AA67BE-12E2-43D5-B76F-4EC589E2FC85}.Local|x86.ActiveCfg = Debug|Any CPU
		{11AA67BE-12E2-43D5-B76F-4EC589E2FC85}.Local|x86.Build.0 = Debug|Any CPU
		{11AA67BE-12E2-43D5-B76F-4EC589E2FC85}.Release|Any CPU.ActiveCfg = Release|Any CPU
		{11AA67BE-12E2-43D5-B76F-4EC589E2FC85}.Release|Any CPU.Build.0 = Release|Any CPU
		{11AA67BE-12E2-43D5-B76F-4EC589E2FC85}.Release|x64.ActiveCfg = Release|Any CPU
		{11AA67BE-12E2-43D5-B76F-4EC589E2FC85}.Release|x64.Build.0 = Release|Any CPU
		{11AA67BE-12E2-43D5-B76F-4EC589E2FC85}.Release|x86.ActiveCfg = Release|Any CPU
		{11AA67BE-12E2-43D5-B76F-4EC589E2FC85}.Release|x86.Build.0 = Release|Any CPU
		{F368BA68-64C9-469A-AF0D-013E1D091BF0}.Debug|Any CPU.ActiveCfg = Debug|Any CPU
		{F368BA68-64C9-469A-AF0D-013E1D091BF0}.Debug|Any CPU.Build.0 = Debug|Any CPU
		{F368BA68-64C9-469A-AF0D-013E1D091BF0}.Debug|x64.ActiveCfg = Debug|Any CPU
		{F368BA68-64C9-469A-AF0D-013E1D091BF0}.Debug|x64.Build.0 = Debug|Any CPU
		{F368BA68-64C9-469A-AF0D-013E1D091BF0}.Debug|x86.ActiveCfg = Debug|Any CPU
		{F368BA68-64C9-469A-AF0D-013E1D091BF0}.Debug|x86.Build.0 = Debug|Any CPU
		{F368BA68-64C9-469A-AF0D-013E1D091BF0}.Local|Any CPU.ActiveCfg = Release|Any CPU
		{F368BA68-64C9-469A-AF0D-013E1D091BF0}.Local|Any CPU.Build.0 = Release|Any CPU
		{F368BA68-64C9-469A-AF0D-013E1D091BF0}.Local|x64.ActiveCfg = Debug|Any CPU
		{F368BA68-64C9-469A-AF0D-013E1D091BF0}.Local|x64.Build.0 = Debug|Any CPU
		{F368BA68-64C9-469A-AF0D-013E1D091BF0}.Local|x86.ActiveCfg = Debug|Any CPU
		{F368BA68-64C9-469A-AF0D-013E1D091BF0}.Local|x86.Build.0 = Debug|Any CPU
		{F368BA68-64C9-469A-AF0D-013E1D091BF0}.Release|Any CPU.ActiveCfg = Release|Any CPU
		{F368BA68-64C9-469A-AF0D-013E1D091BF0}.Release|Any CPU.Build.0 = Release|Any CPU
		{F368BA68-64C9-469A-AF0D-013E1D091BF0}.Release|x64.ActiveCfg = Release|Any CPU
		{F368BA68-64C9-469A-AF0D-013E1D091BF0}.Release|x64.Build.0 = Release|Any CPU
		{F368BA68-64C9-469A-AF0D-013E1D091BF0}.Release|x86.ActiveCfg = Release|Any CPU
		{F368BA68-64C9-469A-AF0D-013E1D091BF0}.Release|x86.Build.0 = Release|Any CPU
		{EA63E3B2-312E-44E6-8056-B35EABC5A296}.Debug|Any CPU.ActiveCfg = Debug|Any CPU
		{EA63E3B2-312E-44E6-8056-B35EABC5A296}.Debug|Any CPU.Build.0 = Debug|Any CPU
		{EA63E3B2-312E-44E6-8056-B35EABC5A296}.Debug|x64.ActiveCfg = Debug|Any CPU
		{EA63E3B2-312E-44E6-8056-B35EABC5A296}.Debug|x64.Build.0 = Debug|Any CPU
		{EA63E3B2-312E-44E6-8056-B35EABC5A296}.Debug|x86.ActiveCfg = Debug|Any CPU
		{EA63E3B2-312E-44E6-8056-B35EABC5A296}.Debug|x86.Build.0 = Debug|Any CPU
		{EA63E3B2-312E-44E6-8056-B35EABC5A296}.Local|Any CPU.ActiveCfg = Release|Any CPU
		{EA63E3B2-312E-44E6-8056-B35EABC5A296}.Local|x64.ActiveCfg = Release|Any CPU
		{EA63E3B2-312E-44E6-8056-B35EABC5A296}.Local|x64.Build.0 = Release|Any CPU
		{EA63E3B2-312E-44E6-8056-B35EABC5A296}.Local|x86.ActiveCfg = Release|Any CPU
		{EA63E3B2-312E-44E6-8056-B35EABC5A296}.Local|x86.Build.0 = Release|Any CPU
		{EA63E3B2-312E-44E6-8056-B35EABC5A296}.Release|Any CPU.ActiveCfg = Release|Any CPU
		{EA63E3B2-312E-44E6-8056-B35EABC5A296}.Release|Any CPU.Build.0 = Release|Any CPU
		{EA63E3B2-312E-44E6-8056-B35EABC5A296}.Release|x64.ActiveCfg = Release|Any CPU
		{EA63E3B2-312E-44E6-8056-B35EABC5A296}.Release|x64.Build.0 = Release|Any CPU
		{EA63E3B2-312E-44E6-8056-B35EABC5A296}.Release|x86.ActiveCfg = Release|Any CPU
		{EA63E3B2-312E-44E6-8056-B35EABC5A296}.Release|x86.Build.0 = Release|Any CPU
	EndGlobalSection
	GlobalSection(SolutionProperties) = preSolution
		HideSolutionNode = FALSE
	EndGlobalSection
	GlobalSection(NestedProjects) = preSolution
		{23A49179-A213-4DA2-BA9C-2B46AE12F3F1} = {A35F29A2-8F0F-47D2-9939-BB777E443D89}
		{D23B0539-0EDD-42B1-A423-D7079961F344} = {E0A538F2-228F-4D81-AD32-53CDBD02D272}
		{58D4AAA6-151B-45DA-9709-00E34A5E58B6} = {E0A538F2-228F-4D81-AD32-53CDBD02D272}
		{0821F0D9-F506-495D-8257-1BF1FC855096} = {A35F29A2-8F0F-47D2-9939-BB777E443D89}
		{5D575299-C9F9-4828-9D05-1404082A3AA5} = {A35F29A2-8F0F-47D2-9939-BB777E443D89}
		{9BB91BCD-5046-44E0-8581-18485E75C2F9} = {A35F29A2-8F0F-47D2-9939-BB777E443D89}
		{1718D62F-A3E8-4B00-8E36-532DC0E36BE4} = {A35F29A2-8F0F-47D2-9939-BB777E443D89}
		{11AA67BE-12E2-43D5-B76F-4EC589E2FC85} = {E3AA960B-38AE-46F6-BE4B-822002B0DA0C}
		{F368BA68-64C9-469A-AF0D-013E1D091BF0} = {E3AA960B-38AE-46F6-BE4B-822002B0DA0C}
		{EA63E3B2-312E-44E6-8056-B35EABC5A296} = {E3AA960B-38AE-46F6-BE4B-822002B0DA0C}
	EndGlobalSection
EndGlobal
