{
    "version": 3,
    "terraform_version": "0.9.2",
    "serial": 1,
    "lineage": "07424dbd-0722-4700-b6b6-75632cda992e",
    "modules": [
        {
            "path": [
                "root"
            ],
            "outputs": {},
            "resources": {
                "aws_s3_bucket.terraform_state": {
                    "type": "aws_s3_bucket",
                    "depends_on": [],
                    "primary": {
                        "id": "tf-state-dcuk039-retail-ax",
                        "attributes": {
                            "acceleration_status": "",
                            "acl": "private",
                            "arn": "arn:aws:s3:::tf-state-dcuk039-retail-ax",
                            "bucket": "tf-state-dcuk039-retail-ax",
                            "bucket_domain_name": "tf-state-dcuk039-retail-ax.s3.amazonaws.com",
                            "force_destroy": "false",
                            "hosted_zone_id": "Z1BKCTXD74EZPE",
                            "id": "tf-state-dcuk039-retail-ax",
                            "region": "eu-west-1",
                            "request_payer": "BucketOwner",
                            "tags.%": "0",
                            "versioning.#": "1",
                            "versioning.0.enabled": "true",
                            "versioning.0.mfa_delete": "false",
                            "website.#": "0"
                        },
                        "meta": {},
                        "tainted": false
                    },
                    "deposed": [],
                    "provider": ""
                }
            },
            "depends_on": []
        }
    ]
}
